github.com/go-webgpu/goffi v0.5.0 h1:EuvVRiRn9qAfCkYYXbHs9gz8NY+zv2/OA1N7gi56UVE=
github.com/go-webgpu/goffi v0.5.0/go.mod h1:wfoxNsJkU+5RFbV1kNN1kunhc1lFHuJKK3zpgx08/uM=
github.com/gogpu/gputypes v0.4.0 h1:nPFn77na71K4gkyObbXgpYywy9lIKz/U1x/2+4EAZ3Y=
github.com/gogpu/gputypes v0.4.0/go.mod h1:cnXrDMwTpWTvJLW1Vreop3PcT6a2YP/i3s91rPaOavw=
github.com/gogpu/naga v0.17.3 h1:m1gn3e0WIcjY8yyBxlID0cAH+4Pj3O4gQUOcTCXdbi8=
github.com/gogpu/naga v0.17.3/go.mod h1:15sQaHKkbqXcwTN+hHYGLsA0WBBnkmYzne/eF5p5WEg=
github.com/gogpu/wgpu v0.24.7 h1:w4kKNHE5zlSH28wFHYL2r/wRc5DcXYg27Y3KiNzOYkQ=
github.com/gogpu/wgpu v0.24.7/go.mod h1:QS5nzb5KsgYgnGvvpmLEp0+CTRSDe19fkIsue0ASmCw=
golang.org/x/sys v0.43.0 h1:Rlag2XtaFTxp19wS8MXlJwTvoh8ArU6ezoyFsMyCTNI=
golang.org/x/sys v0.43.0/go.mod h1:4GL1E5IUh+htKOUEOaiffhrAeqysfVGipDYzABqnCmw=
